
Microsoft Visual Studio Solution File, Format Version 12.00
# Visual Studio Version 16
VisualStudioVersion = 16.0.30204.135
MinimumVisualStudioVersion = 10.0.40219.1
Project("{9A19103F-16F7-4668-BE54-9A1E7A4F7556}") = "Admin.Core", "Admin.Core\Admin.Core.csproj", "{682C739F-7E6A-46EC-9275-BB8E5B502B8C}"
EndProject
Project("{FAE04EC0-301F-11D3-BF4B-00C04F79EFBC}") = "Admin.Core.Library", "Admin.Core.Library\Admin.Core.Library.csproj", "{41451894-85B4-4D5E-B41B-118253CA9274}"
EndProject
Global
	GlobalSection(SolutionConfigurationPlatforms) = preSolution
		Debug|Any CPU = Debug|Any CPU
		Release|Any CPU = Release|Any CPU
	EndGlobalSection
	GlobalSection(ProjectConfigurationPlatforms) = postSolution
		{682C739F-7E6A-46EC-9275-BB8E5B502B8C}.Debug|Any CPU.ActiveCfg = Debug|Any CPU
		{682C739F-7E6A-46EC-9275-BB8E5B502B8C}.Debug|Any CPU.Build.0 = Debug|Any CPU
		{682C739F-7E6A-46EC-9275-BB8E5B502B8C}.Release|Any CPU.ActiveCfg = Release|Any CPU
		{682C739F-7E6A-46EC-9275-BB8E5B502B8C}.Release|Any CPU.Build.0 = Release|Any CPU
		{41451894-85B4-4D5E-B41B-118253CA9274}.Debug|Any CPU.ActiveCfg = Debug|Any CPU
		{41451894-85B4-4D5E-B41B-118253CA9274}.Debug|Any CPU.Build.0 = Debug|Any CPU
		{41451894-85B4-4D5E-B41B-118253CA9274}.Release|Any CPU.ActiveCfg = Release|Any CPU
		{41451894-85B4-4D5E-B41B-118253CA9274}.Release|Any CPU.Build.0 = Release|Any CPU
	EndGlobalSection
	GlobalSection(SolutionProperties) = preSolution
		HideSolutionNode = FALSE
	EndGlobalSection
	GlobalSection(ExtensibilityGlobals) = postSolution
		SolutionGuid = {38A7F326-7746-4191-864E-1EBD7B9347CF}
	EndGlobalSection
EndGlobal
